# This file is automatically @generated by Cargo.
# It is not intended for manual editing.
version = 4

[[package]]
name = "BladeBlade"
version = "0.1.0"
dependencies = [
 "allegro",
 "allegro-sys",
 "allegro_acodec",
 "allegro_audio",
 "allegro_color",
 "allegro_dialog",
 "allegro_font",
 "allegro_image",
 "allegro_primitives",
 "allegro_ttf",
 "bimap",
 "glob",
 "hecs",
 "memoffset",
 "nalgebra",
 "rand",
 "rect_packer",
 "serde",
 "serde_derive",
 "slr_config",
 "tiled",
]

[[package]]
name = "adler2"
version = "2.0.0"
source = "registry+https://github.com/rust-lang/crates.io-index"
checksum = "512761e0bb2578dd7380c6baaa0f4ce03e84f95e960231d1dec8bf4d7d6e2627"

[[package]]
name = "ahash"
version = "0.8.11"
source = "registry+https://github.com/rust-lang/crates.io-index"
checksum = "e89da841a80418a9b391ebaea17f5c112ffaaa96f621d2c285b5174da76b9011"
dependencies = [
 "cfg-if",
 "once_cell",
 "version_check",
 "zerocopy",
]

[[package]]
name = "allegro"
version = "0.0.47"
source = "registry+https://github.com/rust-lang/crates.io-index"
checksum = "7bb87023fc20def65503061f20f7601e0406ce11acb4a881704db05e8046258b"
dependencies = [
 "allegro-sys",
 "allegro_util",
 "lazy_static",
 "libc",
]

[[package]]
name = "allegro-sys"
version = "0.0.47"
source = "registry+https://github.com/rust-lang/crates.io-index"
checksum = "7284428f0c277420859719835163c925bfa4c2ce1ba4528a686633d25c139348"
dependencies = [
 "allegro_util",
 "libc",
]

[[package]]
name = "allegro_acodec"
version = "0.0.47"
source = "registry+https://github.com/rust-lang/crates.io-index"
checksum = "e177aff4da2cbf62f4de29cd4d027f80ee888e3c08d5fa53864703a878b0290c"
dependencies = [
 "allegro",
 "allegro_acodec-sys",
 "allegro_audio",
]

[[package]]
name = "allegro_acodec-sys"
version = "0.0.47"
source = "registry+https://github.com/rust-lang/crates.io-index"
checksum = "1403524cfb1cd415ac6e2857a0c504ef9303b7121f7f374c82fc3868aca7a6fa"
dependencies = [
 "allegro_util",
 "libc",
]

[[package]]
name = "allegro_audio"
version = "0.0.47"
source = "registry+https://github.com/rust-lang/crates.io-index"
checksum = "501ddd02c0c2617a2f98a9cdccbea1cdb71301a291b55783fbc9625c76e017eb"
dependencies = [
 "allegro",
 "allegro_audio-sys",
 "allegro_util",
 "libc",
]

[[package]]
name = "allegro_audio-sys"
version = "0.0.47"
source = "registry+https://github.com/rust-lang/crates.io-index"
checksum = "4db3bdb901bf9191bffed8e00c2a7f7d547869f4664a6ed50cfa9e23081e0504"
dependencies = [
 "allegro-sys",
 "allegro_util",
 "libc",
]

[[package]]
name = "allegro_color"
version = "0.0.47"
source = "registry+https://github.com/rust-lang/crates.io-index"
checksum = "b5d72fff52cb9499a6050fcfbc5132c84350f0f8c19f2134cd2791a8487613ef"
dependencies = [
 "allegro",
 "allegro_color-sys",
 "allegro_util",
 "libc",
]

[[package]]
name = "allegro_color-sys"
version = "0.0.47"
source = "registry+https://github.com/rust-lang/crates.io-index"
checksum = "fae6fb773f262501cc496e0de474eb2be31bd11b23e0adcc115e1f944253c30d"
dependencies = [
 "allegro-sys",
 "allegro_util",
 "libc",
]

[[package]]
name = "allegro_dialog"
version = "0.0.47"
source = "registry+https://github.com/rust-lang/crates.io-index"
checksum = "71c744cd09faf9301994760449f284742feefc29214cca18b331225ada2a6672"
dependencies = [
 "allegro",
 "allegro_dialog-sys",
 "allegro_util",
 "libc",
]

[[package]]
name = "allegro_dialog-sys"
version = "0.0.47"
source = "registry+https://github.com/rust-lang/crates.io-index"
checksum = "df8be61bdc88353dc93e98036c0ea4073828b82fdb73f3812b1a7d662cd38587"
dependencies = [
 "allegro-sys",
 "allegro_util",
 "libc",
]

[[package]]
name = "allegro_font"
version = "0.0.47"
source = "registry+https://github.com/rust-lang/crates.io-index"
checksum = "876b272f82c4433585f668c5090f6a4050f5b6f3d2c775d67096b1a549b9c7a8"
dependencies = [
 "allegro",
 "allegro-sys",
 "allegro_font-sys",
 "allegro_util",
 "libc",
]

[[package]]
name = "allegro_font-sys"
version = "0.0.47"
source = "registry+https://github.com/rust-lang/crates.io-index"
checksum = "9a2fcaeb5b71a7831d0f88c534148e94408ebd9bf71cb7cd1b0daa5398e93af7"
dependencies = [
 "allegro-sys",
 "allegro_util",
 "libc",
]

[[package]]
name = "allegro_image"
version = "0.0.47"
source = "registry+https://github.com/rust-lang/crates.io-index"
checksum = "b1f47f4ca167868b1051a0c2294caa9d65e6445b6f71efa052f510ebf2f856a9"
dependencies = [
 "allegro",
 "allegro_image-sys",
 "allegro_util",
 "libc",
]

[[package]]
name = "allegro_image-sys"
version = "0.0.47"
source = "registry+https://github.com/rust-lang/crates.io-index"
checksum = "4db93518d0f882aa2c4d093f0668c77f7c29c2be1103629361f29a7e2222363a"
dependencies = [
 "allegro_util",
 "libc",
]

[[package]]
name = "allegro_primitives"
version = "0.0.47"
source = "registry+https://github.com/rust-lang/crates.io-index"
checksum = "96352a8919bf67f675776f9c338c4148809b168deda1578495ee1e63eb7f2324"
dependencies = [
 "allegro",
 "allegro-sys",
 "allegro_primitives-sys",
 "libc",
]

[[package]]
name = "allegro_primitives-sys"
version = "0.0.47"
source = "registry+https://github.com/rust-lang/crates.io-index"
checksum = "b3d35ff0175b480d2eb844c4ad0e97a74cfecd96546791db3f43ee5a3726b817"
dependencies = [
 "allegro-sys",
 "allegro_util",
 "libc",
]

[[package]]
name = "allegro_ttf"
version = "0.0.47"
source = "registry+https://github.com/rust-lang/crates.io-index"
checksum = "178e39faa329f1c49dc72d180132faec2d223cb6473e66feb3d0de9ea1945759"
dependencies = [
 "allegro",
 "allegro_font",
 "allegro_ttf-sys",
 "allegro_util",
 "libc",
]

[[package]]
name = "allegro_ttf-sys"
version = "0.0.47"
source = "registry+https://github.com/rust-lang/crates.io-index"
checksum = "48fbe8acefbc589f4adb1bb673b3c5006e6053d3d29900ba51f04c9df3ca9bef"
dependencies = [
 "allegro-sys",
 "allegro_font-sys",
 "allegro_util",
 "libc",
]

[[package]]
name = "allegro_util"
version = "0.0.47"
source = "registry+https://github.com/rust-lang/crates.io-index"
checksum = "6f2d16a40bfc9ce00590bea5a1704c0c3be132dc5b84b76b92e8d49dac00959e"
dependencies = [
 "libc",
]

[[package]]
name = "approx"
version = "0.5.1"
source = "registry+https://github.com/rust-lang/crates.io-index"
checksum = "cab112f0a86d568ea0e627cc1d6be74a1e9cd55214684db5561995f6dad897c6"
dependencies = [
 "num-traits",
]

[[package]]
name = "autocfg"
version = "1.4.0"
source = "registry+https://github.com/rust-lang/crates.io-index"
checksum = "ace50bade8e6234aa140d9a2f552bbee1db4d353f69b8217bc503490fc1a9f26"

[[package]]
name = "base64"
version = "0.22.1"
source = "registry+https://github.com/rust-lang/crates.io-index"
checksum = "72b3254f16251a8381aa12e40e3c4d2f0199f8c6508fbecb9d91f575e0fbb8c6"

[[package]]
name = "bimap"
version = "0.6.3"
source = "registry+https://github.com/rust-lang/crates.io-index"
checksum = "230c5f1ca6a325a32553f8640d31ac9b49f2411e901e427570154868b46da4f7"
dependencies = [
 "serde",
]

[[package]]
name = "bytemuck"
version = "1.20.0"
source = "registry+https://github.com/rust-lang/crates.io-index"
checksum = "8b37c88a63ffd85d15b406896cc343916d7cf57838a847b3a6f2ca5d39a5695a"

[[package]]
name = "byteorder"
version = "1.5.0"
source = "registry+https://github.com/rust-lang/crates.io-index"
checksum = "1fd0f2584146f6f2ef48085050886acf353beff7305ebd1ae69500e27c67f64b"

[[package]]
name = "cc"
version = "1.2.3"
source = "registry+https://github.com/rust-lang/crates.io-index"
checksum = "27f657647bcff5394bf56c7317665bbf790a137a50eaaa5c6bfbb9e27a518f2d"
dependencies = [
 "jobserver",
 "libc",
 "shlex",
]

[[package]]
name = "cfg-if"
version = "1.0.0"
source = "registry+https://github.com/rust-lang/crates.io-index"
checksum = "baf1de4339761588bc0619e3cbc0120ee582ebb74b53b4efbf79117bd2da40fd"

[[package]]
name = "crc32fast"
version = "1.4.2"
source = "registry+https://github.com/rust-lang/crates.io-index"
checksum = "a97769d94ddab943e4510d138150169a2758b5ef3eb191a9ee688de3e23ef7b3"
dependencies = [
 "cfg-if",
]

[[package]]
name = "flate2"
version = "1.0.35"
source = "registry+https://github.com/rust-lang/crates.io-index"
checksum = "c936bfdafb507ebbf50b8074c54fa31c5be9a1e7e5f467dd659697041407d07c"
dependencies = [
 "crc32fast",
 "miniz_oxide",
]

[[package]]
name = "getrandom"
version = "0.2.15"
source = "registry+https://github.com/rust-lang/crates.io-index"
checksum = "c4567c8db10ae91089c99af84c68c38da3ec2f087c3f82960bcdbf3656b6f4d7"
dependencies = [
 "cfg-if",
 "libc",
 "wasi",
]

[[package]]
name = "glob"
version = "0.3.1"
source = "registry+https://github.com/rust-lang/crates.io-index"
checksum = "d2fabcfbdc87f4758337ca535fb41a6d701b65693ce38287d856d1674551ec9b"

[[package]]
name = "hashbrown"
version = "0.12.3"
source = "registry+https://github.com/rust-lang/crates.io-index"
checksum = "8a9ee70c43aaf417c914396645a0fa852624801b24ebb7ae78fe8272889ac888"

[[package]]
name = "hashbrown"
version = "0.14.5"
source = "registry+https://github.com/rust-lang/crates.io-index"
checksum = "e5274423e17b7c9fc20b6e7e208532f9b19825d82dfd615708b70edd83df41f1"
dependencies = [
 "ahash",
]

[[package]]
name = "hecs"
version = "0.10.5"
source = "registry+https://github.com/rust-lang/crates.io-index"
checksum = "e1cbc675ee8d97b4d206a985137f8ad59666538f56f906474f554467a63c776d"
dependencies = [
 "hashbrown 0.14.5",
 "spin",
]

[[package]]
name = "indexmap"
version = "1.9.3"
source = "registry+https://github.com/rust-lang/crates.io-index"
checksum = "bd070e393353796e801d209ad339e89596eb4c8d430d18ede6a1cced8fafbd99"
dependencies = [
 "autocfg",
 "hashbrown 0.12.3",
]

[[package]]
name = "jobserver"
version = "0.1.32"
source = "registry+https://github.com/rust-lang/crates.io-index"
checksum = "48d1dbcbbeb6a7fec7e059840aa538bd62aaccf972c7346c4d9d2059312853d0"
dependencies = [
 "libc",
]

[[package]]
name = "lazy_static"
version = "1.4.0"
source = "registry+https://github.com/rust-lang/crates.io-index"
checksum = "e2abad23fbc42b3700f2f279844dc832adb2b2eb069b2df918f455c4e18cc646"

[[package]]
name = "libc"
version = "0.2.168"
source = "registry+https://github.com/rust-lang/crates.io-index"
checksum = "5aaeb2981e0606ca11d79718f8bb01164f1d6ed75080182d3abf017e6d244b6d"

[[package]]
name = "matrixmultiply"
version = "0.3.9"
source = "registry+https://github.com/rust-lang/crates.io-index"
checksum = "9380b911e3e96d10c1f415da0876389aaf1b56759054eeb0de7df940c456ba1a"
dependencies = [
 "autocfg",
 "rawpointer",
]

[[package]]
name = "memoffset"
version = "0.9.1"
source = "registry+https://github.com/rust-lang/crates.io-index"
checksum = "488016bfae457b036d996092f6cb448677611ce4449e970ceaf42695203f218a"
dependencies = [
 "autocfg",
]

[[package]]
name = "miniz_oxide"
version = "0.8.0"
source = "registry+https://github.com/rust-lang/crates.io-index"
checksum = "e2d80299ef12ff69b16a84bb182e3b9df68b5a91574d3d4fa6e41b65deec4df1"
dependencies = [
 "adler2",
]

[[package]]
name = "nalgebra"
version = "0.31.4"
source = "registry+https://github.com/rust-lang/crates.io-index"
checksum = "20bd243ab3dbb395b39ee730402d2e5405e448c75133ec49cc977762c4cba3d1"
dependencies = [
 "approx",
 "matrixmultiply",
 "nalgebra-macros",
 "num-complex",
 "num-rational",
 "num-traits",
 "simba",
 "typenum",
]

[[package]]
name = "nalgebra-macros"
version = "0.1.0"
source = "registry+https://github.com/rust-lang/crates.io-index"
checksum = "01fcc0b8149b4632adc89ac3b7b31a12fb6099a0317a4eb2ebff574ef7de7218"
dependencies = [
 "proc-macro2",
 "quote",
 "syn 1.0.109",
]

[[package]]
name = "num-complex"
version = "0.4.6"
source = "registry+https://github.com/rust-lang/crates.io-index"
checksum = "73f88a1307638156682bada9d7604135552957b7818057dcef22705b4d509495"
dependencies = [
 "num-traits",
]

[[package]]
name = "num-integer"
version = "0.1.46"
source = "registry+https://github.com/rust-lang/crates.io-index"
checksum = "7969661fd2958a5cb096e56c8e1ad0444ac2bbcd0061bd28660485a44879858f"
dependencies = [
 "num-traits",
]

[[package]]
name = "num-rational"
version = "0.4.2"
source = "registry+https://github.com/rust-lang/crates.io-index"
checksum = "f83d14da390562dca69fc84082e73e548e1ad308d24accdedd2720017cb37824"
dependencies = [
 "num-integer",
 "num-traits",
]

[[package]]
name = "num-traits"
version = "0.2.19"
source = "registry+https://github.com/rust-lang/crates.io-index"
checksum = "071dfc062690e90b734c0b2273ce72ad0ffa95f0c74596bc250dcfd960262841"
dependencies = [
 "autocfg",
]

[[package]]
name = "once_cell"
version = "1.20.2"
source = "registry+https://github.com/rust-lang/crates.io-index"
checksum = "1261fe7e33c73b354eab43b1273a57c8f967d0391e80353e51f764ac02cf6775"

[[package]]
name = "paste"
version = "1.0.15"
source = "registry+https://github.com/rust-lang/crates.io-index"
checksum = "57c0d7b74b563b49d38dae00a0c37d4d6de9b432382b2892f0574ddcae73fd0a"

[[package]]
name = "pkg-config"
version = "0.3.31"
source = "registry+https://github.com/rust-lang/crates.io-index"
checksum = "953ec861398dccce10c670dfeaf3ec4911ca479e9c02154b3a215178c5f566f2"

[[package]]
name = "ppv-lite86"
version = "0.2.20"
source = "registry+https://github.com/rust-lang/crates.io-index"
checksum = "77957b295656769bb8ad2b6a6b09d897d94f05c41b069aede1fcdaa675eaea04"
dependencies = [
 "zerocopy",
]

[[package]]
name = "proc-macro2"
version = "1.0.92"
source = "registry+https://github.com/rust-lang/crates.io-index"
checksum = "37d3544b3f2748c54e147655edb5025752e2303145b5aefb3c3ea2c78b973bb0"
dependencies = [
 "unicode-ident",
]

[[package]]
name = "quote"
version = "1.0.37"
source = "registry+https://github.com/rust-lang/crates.io-index"
checksum = "b5b9d34b8991d19d98081b46eacdd8eb58c6f2b201139f7c5f643cc155a633af"
dependencies = [
 "proc-macro2",
]

[[package]]
name = "rand"
version = "0.8.5"
source = "registry+https://github.com/rust-lang/crates.io-index"
checksum = "34af8d1a0e25924bc5b7c43c079c942339d8f0a8b57c39049bef581b46327404"
dependencies = [
 "libc",
 "rand_chacha",
 "rand_core",
]

[[package]]
name = "rand_chacha"
version = "0.3.1"
source = "registry+https://github.com/rust-lang/crates.io-index"
checksum = "e6c10a63a0fa32252be49d21e7709d4d4baf8d231c2dbce1eaa8141b9b127d88"
dependencies = [
 "ppv-lite86",
 "rand_core",
]

[[package]]
name = "rand_core"
version = "0.6.4"
source = "registry+https://github.com/rust-lang/crates.io-index"
checksum = "ec0be4795e2f6a28069bec0b5ff3e2ac9bafc99e6a9a7dc3547996c5c816922c"
dependencies = [
 "getrandom",
]

[[package]]
name = "rawpointer"
version = "0.2.1"
source = "registry+https://github.com/rust-lang/crates.io-index"
checksum = "60a357793950651c4ed0f3f52338f53b2f809f32d83a07f72909fa13e4c6c1e3"

[[package]]
name = "rect_packer"
version = "0.2.1"
source = "registry+https://github.com/rust-lang/crates.io-index"
checksum = "d8ffb4dfda4b01cc420847665dc480760d596ce186f2772a66ed32fe9acb1c45"

[[package]]
name = "safe_arch"
version = "0.7.2"
source = "registry+https://github.com/rust-lang/crates.io-index"
checksum = "c3460605018fdc9612bce72735cba0d27efbcd9904780d44c7e3a9948f96148a"
dependencies = [
 "bytemuck",
]

[[package]]
name = "serde"
version = "1.0.216"
source = "registry+https://github.com/rust-lang/crates.io-index"
checksum = "0b9781016e935a97e8beecf0c933758c97a5520d32930e460142b4cd80c6338e"
dependencies = [
 "serde_derive",
]

[[package]]
name = "serde_derive"
version = "1.0.216"
source = "registry+https://github.com/rust-lang/crates.io-index"
checksum = "46f859dbbf73865c6627ed570e78961cd3ac92407a2d117204c49232485da55e"
dependencies = [
 "proc-macro2",
 "quote",
 "syn 2.0.90",
]

[[package]]
name = "shlex"
version = "1.3.0"
source = "registry+https://github.com/rust-lang/crates.io-index"
checksum = "0fda2ff0d084019ba4d7c6f371c95d8fd75ce3524c3cb8fb653a3023f6323e64"

[[package]]
name = "simba"
version = "0.7.3"
source = "registry+https://github.com/rust-lang/crates.io-index"
checksum = "2f3fd720c48c53cace224ae62bef1bbff363a70c68c4802a78b5cc6159618176"
dependencies = [
 "approx",
 "num-complex",
 "num-traits",
 "paste",
 "wide",
]

[[package]]
name = "slr_config"
version = "0.0.22"
source = "registry+https://github.com/rust-lang/crates.io-index"
checksum = "450a123e25391acb9a9954634f0f02e6fde46af3cc057017efe0f029cef2765a"
dependencies = [
 "indexmap",
 "serde",
 "serde_derive",
 "slr_parser",
]

[[package]]
name = "slr_parser"
version = "0.0.22"
source = "registry+https://github.com/rust-lang/crates.io-index"
checksum = "c348ea245b7365ad39b30ff6c192cd270e0a2788c604547373b39016b1124dbb"
dependencies = [
 "serde",
]

[[package]]
name = "spin"
version = "0.9.8"
source = "registry+https://github.com/rust-lang/crates.io-index"
checksum = "6980e8d7511241f8acf4aebddbb1ff938df5eebe98691418c4468d0b72a96a67"

[[package]]
name = "syn"
version = "1.0.109"
source = "registry+https://github.com/rust-lang/crates.io-index"
checksum = "72b64191b275b66ffe2469e8af2c1cfe3bafa67b529ead792a6d0160888b4237"
dependencies = [
 "proc-macro2",
 "quote",
 "unicode-ident",
]

[[package]]
name = "syn"
version = "2.0.90"
source = "registry+https://github.com/rust-lang/crates.io-index"
checksum = "919d3b74a5dd0ccd15aeb8f93e7006bd9e14c295087c9896a110f490752bcf31"
dependencies = [
 "proc-macro2",
 "quote",
 "unicode-ident",
]

[[package]]
name = "tiled"
version = "0.13.0"
source = "registry+https://github.com/rust-lang/crates.io-index"
checksum = "c7bce2748ed610d57d8963b78469cb8abe4d7c4c361c910a60d3642e381a0fc7"
dependencies = [
 "base64",
 "flate2",
 "xml-rs",
 "zstd",
]

[[package]]
name = "typenum"
version = "1.17.0"
source = "registry+https://github.com/rust-lang/crates.io-index"
checksum = "42ff0bf0c66b8238c6f3b578df37d0b7848e55df8577b3f74f92a69acceeb825"

[[package]]
name = "unicode-ident"
version = "1.0.14"
source = "registry+https://github.com/rust-lang/crates.io-index"
checksum = "adb9e6ca4f869e1180728b7950e35922a7fc6397f7b641499e8f3ef06e50dc83"

[[package]]
name = "version_check"
version = "0.9.5"
source = "registry+https://github.com/rust-lang/crates.io-index"
checksum = "0b928f33d975fc6ad9f86c8f283853ad26bdd5b10b7f1542aa2fa15e2289105a"

[[package]]
name = "wasi"
version = "0.11.0+wasi-snapshot-preview1"
source = "registry+https://github.com/rust-lang/crates.io-index"
checksum = "9c8d87e72b64a3b4db28d11ce29237c246188f4f51057d65a7eab63b7987e423"

[[package]]
name = "wide"
version = "0.7.30"
source = "registry+https://github.com/rust-lang/crates.io-index"
checksum = "58e6db2670d2be78525979e9a5f9c69d296fd7d670549fe9ebf70f8708cb5019"
dependencies = [
 "bytemuck",
 "safe_arch",
]

[[package]]
name = "xml-rs"
version = "0.8.24"
source = "registry+https://github.com/rust-lang/crates.io-index"
checksum = "ea8b391c9a790b496184c29f7f93b9ed5b16abb306c05415b68bcc16e4d06432"

[[package]]
name = "zerocopy"
version = "0.7.35"
source = "registry+https://github.com/rust-lang/crates.io-index"
checksum = "1b9b4fd18abc82b8136838da5d50bae7bdea537c574d8dc1a34ed098d6c166f0"
dependencies = [
 "byteorder",
 "zerocopy-derive",
]

[[package]]
name = "zerocopy-derive"
version = "0.7.35"
source = "registry+https://github.com/rust-lang/crates.io-index"
checksum = "fa4f8080344d4671fb4e831a13ad1e68092748387dfc4f55e356242fae12ce3e"
dependencies = [
 "proc-macro2",
 "quote",
 "syn 2.0.90",
]

[[package]]
name = "zstd"
version = "0.13.2"
source = "registry+https://github.com/rust-lang/crates.io-index"
checksum = "fcf2b778a664581e31e389454a7072dab1647606d44f7feea22cd5abb9c9f3f9"
dependencies = [
 "zstd-safe",
]

[[package]]
name = "zstd-safe"
version = "7.2.1"
source = "registry+https://github.com/rust-lang/crates.io-index"
checksum = "54a3ab4db68cea366acc5c897c7b4d4d1b8994a9cd6e6f841f8964566a419059"
dependencies = [
 "zstd-sys",
]

[[package]]
name = "zstd-sys"
version = "2.0.13+zstd.1.5.6"
source = "registry+https://github.com/rust-lang/crates.io-index"
checksum = "38ff0f21cfee8f97d94cef41359e0c89aa6113028ab0291aa8ca0038995a95aa"
dependencies = [
 "cc",
 "pkg-config",
]
